
Microsoft Visual Studio Solution File, Format Version 12.00
# Visual Studio Version 17
VisualStudioVersion = 17.9.34723.18
MinimumVisualStudioVersion = 10.0.40219.1
Project("{FAE04EC0-301F-11D3-BF4B-00C04F79EFBC}") = "301257019_Lab04_Q2", "301257019_Lab04_Q2.csproj", "{C0FC11AE-CBA4-4729-B7CC-47122D800C50}"
EndProject
Global
	GlobalSection(SolutionConfigurationPlatforms) = preSolution
		Debug|Any CPU = Debug|Any CPU
		Release|Any CPU = Release|Any CPU
	EndGlobalSection
	GlobalSection(ProjectConfigurationPlatforms) = postSolution
		{C0FC11AE-CBA4-4729-B7CC-47122D800C50}.Debug|Any CPU.ActiveCfg = Debug|Any CPU
		{C0FC11AE-CBA4-4729-B7CC-47122D800C50}.Debug|Any CPU.Build.0 = Debug|Any CPU
		{C0FC11AE-CBA4-4729-B7CC-47122D800C50}.Release|Any CPU.ActiveCfg = Release|Any CPU
		{C0FC11AE-CBA4-4729-B7CC-47122D800C50}.Release|Any CPU.Build.0 = Release|Any CPU
	EndGlobalSection
	GlobalSection(SolutionProperties) = preSolution
		HideSolutionNode = FALSE
	EndGlobalSection
	GlobalSection(ExtensibilityGlobals) = postSolution
		SolutionGuid = {A88BE0E5-E41D-4543-9DCF-5A8E7CE1F5EC}
	EndGlobalSection
EndGlobal
